
Microsoft Visual Studio Solution File, Format Version 12.00
# Visual Studio 2012
Project("{FAE04EC0-301F-11D3-BF4B-00C04F79EFBC}") = "MonoTests", "MonoTests.csproj", "{8B5B77BB-DB53-4149-B141-D0D311214DBB}"
EndProject
Global
	GlobalSection(SolutionConfigurationPlatforms) = preSolution
		Debug|Any CPU = Debug|Any CPU
		Release|Any CPU = Release|Any CPU
	EndGlobalSection
	GlobalSection(ProjectConfigurationPlatforms) = postSolution
		{8B5B77BB-DB53-4149-B141-D0D311214DBB}.Debug|Any CPU.ActiveCfg = Debug|Any CPU
		{8B5B77BB-DB53-4149-B141-D0D311214DBB}.Debug|Any CPU.Build.0 = Debug|Any CPU
		{8B5B77BB-DB53-4149-B141-D0D311214DBB}.Release|Any CPU.ActiveCfg = Release|Any CPU
		{8B5B77BB-DB53-4149-B141-D0D311214DBB}.Release|Any CPU.Build.0 = Release|Any CPU
	EndGlobalSection
EndGlobal
